
Microsoft Visual Studio Solution File, Format Version 12.00
# Visual Studio Version 17
VisualStudioVersion = 17.4.33103.184
MinimumVisualStudioVersion = 10.0.40219.1
Project("{FAE04EC0-301F-11D3-BF4B-00C04F79EFBC}") = "RealEstate", "RealEstate\RealEstate.csproj", "{B64849C1-D156-4FDC-9BDB-A3F4B6463FD7}"
EndProject
Project("{9A19103F-16F7-4668-BE54-9A1E7A4F7556}") = "AppQuery", "..\BookSale\BookSale\AppQuery\AppQuery.csproj", "{B13AF40E-D083-4C2F-920E-0F02EFA7F27E}"
EndProject
Global
	GlobalSection(SolutionConfigurationPlatforms) = preSolution
		Debug|Any CPU = Debug|Any CPU
		Release|Any CPU = Release|Any CPU
	EndGlobalSection
	GlobalSection(ProjectConfigurationPlatforms) = postSolution
		{B64849C1-D156-4FDC-9BDB-A3F4B6463FD7}.Debug|Any CPU.ActiveCfg = Debug|Any CPU
		{B64849C1-D156-4FDC-9BDB-A3F4B6463FD7}.Debug|Any CPU.Build.0 = Debug|Any CPU
		{B64849C1-D156-4FDC-9BDB-A3F4B6463FD7}.Release|Any CPU.ActiveCfg = Release|Any CPU
		{B64849C1-D156-4FDC-9BDB-A3F4B6463FD7}.Release|Any CPU.Build.0 = Release|Any CPU
		{B13AF40E-D083-4C2F-920E-0F02EFA7F27E}.Debug|Any CPU.ActiveCfg = Debug|Any CPU
		{B13AF40E-D083-4C2F-920E-0F02EFA7F27E}.Debug|Any CPU.Build.0 = Debug|Any CPU
		{B13AF40E-D083-4C2F-920E-0F02EFA7F27E}.Release|Any CPU.ActiveCfg = Release|Any CPU
		{B13AF40E-D083-4C2F-920E-0F02EFA7F27E}.Release|Any CPU.Build.0 = Release|Any CPU
	EndGlobalSection
	GlobalSection(SolutionProperties) = preSolution
		HideSolutionNode = FALSE
	EndGlobalSection
	GlobalSection(ExtensibilityGlobals) = postSolution
		SolutionGuid = {91856375-F7E2-4BD1-A18A-763C473EDE84}
	EndGlobalSection
EndGlobal
